
Microsoft Visual Studio Solution File, Format Version 12.00
# Visual Studio 14
VisualStudioVersion = 14.0.22310.1
MinimumVisualStudioVersion = 10.0.40219.1
Project("{FAE04EC0-301F-11D3-BF4B-00C04F79EFBC}") = "SnapchatDesktop", "SnapchatDesktop\SnapchatDesktop.csproj", "{054C6E31-6BC9-4C76-B1ED-6119058146EC}"
EndProject
Project("{FAE04EC0-301F-11D3-BF4B-00C04F79EFBC}") = "SnapchatHelper", "SnapchatHelper\SnapchatHelper.csproj", "{7F3431AF-4F85-4218-9E33-9A9CC386D35A}"
EndProject
Global
	GlobalSection(SolutionConfigurationPlatforms) = preSolution
		Debug|Any CPU = Debug|Any CPU
		Release|Any CPU = Release|Any CPU
	EndGlobalSection
	GlobalSection(ProjectConfigurationPlatforms) = postSolution
		{054C6E31-6BC9-4C76-B1ED-6119058146EC}.Debug|Any CPU.ActiveCfg = Debug|Any CPU
		{054C6E31-6BC9-4C76-B1ED-6119058146EC}.Debug|Any CPU.Build.0 = Debug|Any CPU
		{054C6E31-6BC9-4C76-B1ED-6119058146EC}.Release|Any CPU.ActiveCfg = Release|Any CPU
		{054C6E31-6BC9-4C76-B1ED-6119058146EC}.Release|Any CPU.Build.0 = Release|Any CPU
		{7F3431AF-4F85-4218-9E33-9A9CC386D35A}.Debug|Any CPU.ActiveCfg = Debug|Any CPU
		{7F3431AF-4F85-4218-9E33-9A9CC386D35A}.Debug|Any CPU.Build.0 = Debug|Any CPU
		{7F3431AF-4F85-4218-9E33-9A9CC386D35A}.Release|Any CPU.ActiveCfg = Release|Any CPU
		{7F3431AF-4F85-4218-9E33-9A9CC386D35A}.Release|Any CPU.Build.0 = Release|Any CPU
	EndGlobalSection
	GlobalSection(SolutionProperties) = preSolution
		HideSolutionNode = FALSE
	EndGlobalSection
EndGlobal
